dependencies:
- name: mongodb
  repository: https://kubernetes-charts.storage.googleapis.com
  version: 0.4.9
- name: redis
  repository: https://kubernetes-charts.storage.googleapis.com
  version: 0.8.0
digest: sha256:5502f9bf5f3f4c30bd5feffab25fb0f502a933bcf5e7580007fd4c2555720af1
generated: 2017-08-03T17:55:39.683723009+02:00
